// !$*UTF8*$!
{
	archiveVersion = 1;
	classes = {
	};
	objectVersion = 55;
	objects = {

/* Begin PBXBuildFile section */
		8A13813328831AF80025FCE0 /* WeatherIOSApp.swift in Sources */ = {isa = PBXBuildFile; fileRef = 8A13813228831AF80025FCE0 /* WeatherIOSApp.swift */; };
		8A13813528831AF80025FCE0 /* ContentView.swift in Sources */ = {isa = PBXBuildFile; fileRef = 8A13813428831AF80025FCE0 /* ContentView.swift */; };
		8A13813728831AF90025FCE0 /* Assets.xcassets in Resources */ = {isa = PBXBuildFile; fileRef = 8A13813628831AF90025FCE0 /* Assets.xcassets */; };
		8A13813A28831AF90025FCE0 /* Preview Assets.xcassets in Resources */ = {isa = PBXBuildFile; fileRef = 8A13813928831AF90025FCE0 /* Preview Assets.xcassets */; };
		8A13814228831D0F0025FCE0 /* LocationManager.swift in Sources */ = {isa = PBXBuildFile; fileRef = 8A13814128831D0F0025FCE0 /* LocationManager.swift */; };
		8A13814528831F100025FCE0 /* WelcomeView.swift in Sources */ = {isa = PBXBuildFile; fileRef = 8A13814428831F100025FCE0 /* WelcomeView.swift */; };
		8A138149288326D90025FCE0 /* LoadingView.swift in Sources */ = {isa = PBXBuildFile; fileRef = 8A138148288326D90025FCE0 /* LoadingView.swift */; };
		8A13814B288328EF0025FCE0 /* WeatherManager.swift in Sources */ = {isa = PBXBuildFile; fileRef = 8A13814A288328EF0025FCE0 /* WeatherManager.swift */; };
		8A13814F288330AF0025FCE0 /* ModelData.swift in Sources */ = {isa = PBXBuildFile; fileRef = 8A13814E288330AF0025FCE0 /* ModelData.swift */; };
		8A138153288333C70025FCE0 /* weatherData.json in Resources */ = {isa = PBXBuildFile; fileRef = 8A138152288333C70025FCE0 /* weatherData.json */; };
		8A138155288334910025FCE0 /* Extensions.swift in Sources */ = {isa = PBXBuildFile; fileRef = 8A138154288334910025FCE0 /* Extensions.swift */; };
		8A138158288340970025FCE0 /* WeatherRow.swift in Sources */ = {isa = PBXBuildFile; fileRef = 8A138157288340970025FCE0 /* WeatherRow.swift */; };
		8A6579AC28D8057F00C76294 /* HomeView.swift in Sources */ = {isa = PBXBuildFile; fileRef = 8A6579AB28D8057F00C76294 /* HomeView.swift */; };
		8A6579B028D972D300C76294 /* WeatherView.swift in Sources */ = {isa = PBXBuildFile; fileRef = 8A6579AF28D972D300C76294 /* WeatherView.swift */; };
		8A6579B228D9737700C76294 /* TODO.rtf in Resources */ = {isa = PBXBuildFile; fileRef = 8A6579B128D9737700C76294 /* TODO.rtf */; };
		8A83B52A289DE6F100D54480 /* Toast.swift in Sources */ = {isa = PBXBuildFile; fileRef = 8A83B529289DE6F100D54480 /* Toast.swift */; };
		8A83B52E289DF1DD00D54480 /* FavoritesView.swift in Sources */ = {isa = PBXBuildFile; fileRef = 8A83B52D289DF1DD00D54480 /* FavoritesView.swift */; };
		8A9653A0289A05360047C09B /* Functions.swift in Sources */ = {isa = PBXBuildFile; fileRef = 8A96539F289A05360047C09B /* Functions.swift */; };
		8AFB15BF28D79B4A00CE72D6 /* FavoritesManager.swift in Sources */ = {isa = PBXBuildFile; fileRef = 8AFB15BE28D79B4A00CE72D6 /* FavoritesManager.swift */; };
/* End PBXBuildFile section */

/* Begin PBXFileReference section */
		8A13812F28831AF80025FCE0 /* WeatherIOS.app */ = {isa = PBXFileReference; explicitFileType = wrapper.application; includeInIndex = 0; path = WeatherIOS.app; sourceTree = BUILT_PRODUCTS_DIR; };
		8A13813228831AF80025FCE0 /* WeatherIOSApp.swift */ = {isa = PBXFileReference; lastKnownFileType = sourcecode.swift; path = WeatherIOSApp.swift; sourceTree = "<group>"; };
		8A13813428831AF80025FCE0 /* ContentView.swift */ = {isa = PBXFileReference; lastKnownFileType = sourcecode.swift; path = ContentView.swift; sourceTree = "<group>"; };
		8A13813628831AF90025FCE0 /* Assets.xcassets */ = {isa = PBXFileReference; lastKnownFileType = folder.assetcatalog; path = Assets.xcassets; sourceTree = "<group>"; };
		8A13813928831AF90025FCE0 /* Preview Assets.xcassets */ = {isa = PBXFileReference; lastKnownFileType = folder.assetcatalog; path = "Preview Assets.xcassets"; sourceTree = "<group>"; };
		8A13814128831D0F0025FCE0 /* LocationManager.swift */ = {isa = PBXFileReference; lastKnownFileType = sourcecode.swift; path = LocationManager.swift; sourceTree = "<group>"; };
		8A13814428831F100025FCE0 /* WelcomeView.swift */ = {isa = PBXFileReference; lastKnownFileType = sourcecode.swift; path = WelcomeView.swift; sourceTree = "<group>"; };
		8A138148288326D90025FCE0 /* LoadingView.swift */ = {isa = PBXFileReference; lastKnownFileType = sourcecode.swift; path = LoadingView.swift; sourceTree = "<group>"; };
		8A13814A288328EF0025FCE0 /* WeatherManager.swift */ = {isa = PBXFileReference; lastKnownFileType = sourcecode.swift; path = WeatherManager.swift; sourceTree = "<group>"; };
		8A13814E288330AF0025FCE0 /* ModelData.swift */ = {isa = PBXFileReference; lastKnownFileType = sourcecode.swift; path = ModelData.swift; sourceTree = "<group>"; };
		8A138152288333C70025FCE0 /* weatherData.json */ = {isa = PBXFileReference; lastKnownFileType = text.json; path = weatherData.json; sourceTree = "<group>"; };
		8A138154288334910025FCE0 /* Extensions.swift */ = {isa = PBXFileReference; lastKnownFileType = sourcecode.swift; path = Extensions.swift; sourceTree = "<group>"; };
		8A138157288340970025FCE0 /* WeatherRow.swift */ = {isa = PBXFileReference; lastKnownFileType = sourcecode.swift; path = WeatherRow.swift; sourceTree = "<group>"; };
		8A6579AB28D8057F00C76294 /* HomeView.swift */ = {isa = PBXFileReference; lastKnownFileType = sourcecode.swift; path = HomeView.swift; sourceTree = "<group>"; };
		8A6579AF28D972D300C76294 /* WeatherView.swift */ = {isa = PBXFileReference; fileEncoding = 4; lastKnownFileType = sourcecode.swift; path = WeatherView.swift; sourceTree = "<group>"; };
		8A6579B128D9737700C76294 /* TODO.rtf */ = {isa = PBXFileReference; lastKnownFileType = text.rtf; path = TODO.rtf; sourceTree = "<group>"; };
		8A83B529289DE6F100D54480 /* Toast.swift */ = {isa = PBXFileReference; lastKnownFileType = sourcecode.swift; path = Toast.swift; sourceTree = "<group>"; };
		8A83B52D289DF1DD00D54480 /* FavoritesView.swift */ = {isa = PBXFileReference; lastKnownFileType = sourcecode.swift; path = FavoritesView.swift; sourceTree = "<group>"; };
		8A96539F289A05360047C09B /* Functions.swift */ = {isa = PBXFileReference; lastKnownFileType = sourcecode.swift; path = Functions.swift; sourceTree = "<group>"; };
		8AFB15BE28D79B4A00CE72D6 /* FavoritesManager.swift */ = {isa = PBXFileReference; lastKnownFileType = sourcecode.swift; path = FavoritesManager.swift; sourceTree = "<group>"; };
/* End PBXFileReference section */

/* Begin PBXFrameworksBuildPhase section */
		8A13812C28831AF80025FCE0 /* Frameworks */ = {
			isa = PBXFrameworksBuildPhase;
			buildActionMask = 2147483647;
			files = (
			);
			runOnlyForDeploymentPostprocessing = 0;
		};
/* End PBXFrameworksBuildPhase section */

/* Begin PBXGroup section */
		8A13812628831AF80025FCE0 = {
			isa = PBXGroup;
			children = (
				8A6579B128D9737700C76294 /* TODO.rtf */,
				8A13813128831AF80025FCE0 /* WeatherIOS */,
				8A13813028831AF80025FCE0 /* Products */,
			);
			sourceTree = "<group>";
		};
		8A13813028831AF80025FCE0 /* Products */ = {
			isa = PBXGroup;
			children = (
				8A13812F28831AF80025FCE0 /* WeatherIOS.app */,
			);
			name = Products;
			sourceTree = "<group>";
		};
		8A13813128831AF80025FCE0 /* WeatherIOS */ = {
			isa = PBXGroup;
			children = (
				8A138156288340610025FCE0 /* Components */,
				8A13814028831CEC0025FCE0 /* Managers */,
				8A1381592883B8360025FCE0 /* Utils */,
				8A13814328831EB10025FCE0 /* Views */,
				8A138154288334910025FCE0 /* Extensions.swift */,
				8A13813228831AF80025FCE0 /* WeatherIOSApp.swift */,
				8A13813628831AF90025FCE0 /* Assets.xcassets */,
				8A13813828831AF90025FCE0 /* Preview Content */,
			);
			path = WeatherIOS;
			sourceTree = "<group>";
		};
		8A13813828831AF90025FCE0 /* Preview Content */ = {
			isa = PBXGroup;
			children = (
				8A13813928831AF90025FCE0 /* Preview Assets.xcassets */,
				8A13814E288330AF0025FCE0 /* ModelData.swift */,
				8A138152288333C70025FCE0 /* weatherData.json */,
			);
			path = "Preview Content";
			sourceTree = "<group>";
		};
		8A13814028831CEC0025FCE0 /* Managers */ = {
			isa = PBXGroup;
			children = (
				8A13814128831D0F0025FCE0 /* LocationManager.swift */,
				8A13814A288328EF0025FCE0 /* WeatherManager.swift */,
				8AFB15BE28D79B4A00CE72D6 /* FavoritesManager.swift */,
			);
			path = Managers;
			sourceTree = "<group>";
		};
		8A13814328831EB10025FCE0 /* Views */ = {
			isa = PBXGroup;
			children = (
				8A6579AA28D8054700C76294 /* Home */,
				8A13813428831AF80025FCE0 /* ContentView.swift */,
				8A13814428831F100025FCE0 /* WelcomeView.swift */,
				8A138148288326D90025FCE0 /* LoadingView.swift */,
			);
			path = Views;
			sourceTree = "<group>";
		};
		8A138156288340610025FCE0 /* Components */ = {
			isa = PBXGroup;
			children = (
				8A138157288340970025FCE0 /* WeatherRow.swift */,
				8A83B529289DE6F100D54480 /* Toast.swift */,
			);
			path = Components;
			sourceTree = "<group>";
		};
		8A1381592883B8360025FCE0 /* Utils */ = {
			isa = PBXGroup;
			children = (
				8A96539F289A05360047C09B /* Functions.swift */,
			);
			path = Utils;
			sourceTree = "<group>";
		};
		8A6579AA28D8054700C76294 /* Home */ = {
			isa = PBXGroup;
			children = (
				8A6579AF28D972D300C76294 /* WeatherView.swift */,
				8A6579AB28D8057F00C76294 /* HomeView.swift */,
				8A83B52D289DF1DD00D54480 /* FavoritesView.swift */,
			);
			path = Home;
			sourceTree = "<group>";
		};
/* End PBXGroup section */

/* Begin PBXNativeTarget section */
		8A13812E28831AF80025FCE0 /* WeatherIOS */ = {
			isa = PBXNativeTarget;
			buildConfigurationList = 8A13813D28831AF90025FCE0 /* Build configuration list for PBXNativeTarget "WeatherIOS" */;
			buildPhases = (
				8A13812B28831AF80025FCE0 /* Sources */,
				8A13812C28831AF80025FCE0 /* Frameworks */,
				8A13812D28831AF80025FCE0 /* Resources */,
			);
			buildRules = (
			);
			dependencies = (
			);
			name = WeatherIOS;
			productName = WeatherIOS;
			productReference = 8A13812F28831AF80025FCE0 /* WeatherIOS.app */;
			productType = "com.apple.product-type.application";
		};
/* End PBXNativeTarget section */

/* Begin PBXProject section */
		8A13812728831AF80025FCE0 /* Project object */ = {
			isa = PBXProject;
			attributes = {
				BuildIndependentTargetsInParallel = 1;
				LastSwiftUpdateCheck = 1330;
				LastUpgradeCheck = 1330;
				TargetAttributes = {
					8A13812E28831AF80025FCE0 = {
						CreatedOnToolsVersion = 13.3;
					};
				};
			};
			buildConfigurationList = 8A13812A28831AF80025FCE0 /* Build configuration list for PBXProject "WeatherIOS" */;
			compatibilityVersion = "Xcode 13.0";
			developmentRegion = en;
			hasScannedForEncodings = 0;
			knownRegions = (
				en,
				Base,
			);
			mainGroup = 8A13812628831AF80025FCE0;
			productRefGroup = 8A13813028831AF80025FCE0 /* Products */;
			projectDirPath = "";
			projectRoot = "";
			targets = (
				8A13812E28831AF80025FCE0 /* WeatherIOS */,
			);
		};
/* End PBXProject section */

/* Begin PBXResourcesBuildPhase section */
		8A13812D28831AF80025FCE0 /* Resources */ = {
			isa = PBXResourcesBuildPhase;
			buildActionMask = 2147483647;
			files = (
				8A6579B228D9737700C76294 /* TODO.rtf in Resources */,
				8A13813A28831AF90025FCE0 /* Preview Assets.xcassets in Resources */,
				8A138153288333C70025FCE0 /* weatherData.json in Resources */,
				8A13813728831AF90025FCE0 /* Assets.xcassets in Resources */,
			);
			runOnlyForDeploymentPostprocessing = 0;
		};
/* End PBXResourcesBuildPhase section */

/* Begin PBXSourcesBuildPhase section */
		8A13812B28831AF80025FCE0 /* Sources */ = {
			isa = PBXSourcesBuildPhase;
			buildActionMask = 2147483647;
			files = (
				8A6579B028D972D300C76294 /* WeatherView.swift in Sources */,
				8A13814B288328EF0025FCE0 /* WeatherManager.swift in Sources */,
				8AFB15BF28D79B4A00CE72D6 /* FavoritesManager.swift in Sources */,
				8A83B52A289DE6F100D54480 /* Toast.swift in Sources */,
				8A6579AC28D8057F00C76294 /* HomeView.swift in Sources */,
				8A83B52E289DF1DD00D54480 /* FavoritesView.swift in Sources */,
				8A138155288334910025FCE0 /* Extensions.swift in Sources */,
				8A13813528831AF80025FCE0 /* ContentView.swift in Sources */,
				8A13813328831AF80025FCE0 /* WeatherIOSApp.swift in Sources */,
				8A9653A0289A05360047C09B /* Functions.swift in Sources */,
				8A13814228831D0F0025FCE0 /* LocationManager.swift in Sources */,
				8A138158288340970025FCE0 /* WeatherRow.swift in Sources */,
				8A138149288326D90025FCE0 /* LoadingView.swift in Sources */,
				8A13814F288330AF0025FCE0 /* ModelData.swift in Sources */,
				8A13814528831F100025FCE0 /* WelcomeView.swift in Sources */,
			);
			runOnlyForDeploymentPostprocessing = 0;
		};
/* End PBXSourcesBuildPhase section */

/* Begin XCBuildConfiguration section */
		8A13813B28831AF90025FCE0 /* Debug */ = {
			isa = XCBuildConfiguration;
			buildSettings = {
				ALWAYS_SEARCH_USER_PATHS = NO;
				CLANG_ANALYZER_NONNULL = YES;
				CLANG_ANALYZER_NUMBER_OBJECT_CONVERSION = YES_AGGRESSIVE;
				CLANG_CXX_LANGUAGE_STANDARD = "gnu++17";
				CLANG_ENABLE_MODULES = YES;
				CLANG_ENABLE_OBJC_ARC = YES;
				CLANG_ENABLE_OBJC_WEAK = YES;
				CLANG_WARN_BLOCK_CAPTURE_AUTORELEASING = YES;
				CLANG_WARN_BOOL_CONVERSION = YES;
				CLANG_WARN_COMMA = YES;
				CLANG_WARN_CONSTANT_CONVERSION = YES;
				CLANG_WARN_DEPRECATED_OBJC_IMPLEMENTATIONS = YES;
				CLANG_WARN_DIRECT_OBJC_ISA_USAGE = YES_ERROR;
				CLANG_WARN_DOCUMENTATION_COMMENTS = YES;
				CLANG_WARN_EMPTY_BODY = YES;
				CLANG_WARN_ENUM_CONVERSION = YES;
				CLANG_WARN_INFINITE_RECURSION = YES;
				CLANG_WARN_INT_CONVERSION = YES;
				CLANG_WARN_NON_LITERAL_NULL_CONVERSION = YES;
				CLANG_WARN_OBJC_IMPLICIT_RETAIN_SELF = YES;
				CLANG_WARN_OBJC_LITERAL_CONVERSION = YES;
				CLANG_WARN_OBJC_ROOT_CLASS = YES_ERROR;
				CLANG_WARN_QUOTED_INCLUDE_IN_FRAMEWORK_HEADER = YES;
				CLANG_WARN_RANGE_LOOP_ANALYSIS = YES;
				CLANG_WARN_STRICT_PROTOTYPES = YES;
				CLANG_WARN_SUSPICIOUS_MOVE = YES;
				CLANG_WARN_UNGUARDED_AVAILABILITY = YES_AGGRESSIVE;
				CLANG_WARN_UNREACHABLE_CODE = YES;
				CLANG_WARN__DUPLICATE_METHOD_MATCH = YES;
				COPY_PHASE_STRIP = NO;
				DEBUG_INFORMATION_FORMAT = dwarf;
				ENABLE_STRICT_OBJC_MSGSEND = YES;
				ENABLE_TESTABILITY = YES;
				GCC_C_LANGUAGE_STANDARD = gnu11;
				GCC_DYNAMIC_NO_PIC = NO;
				GCC_NO_COMMON_BLOCKS = YES;
				GCC_OPTIMIZATION_LEVEL = 0;
				GCC_PREPROCESSOR_DEFINITIONS = (
					"DEBUG=1",
					"$(inherited)",
				);
				GCC_WARN_64_TO_32_BIT_CONVERSION = YES;
				GCC_WARN_ABOUT_RETURN_TYPE = YES_ERROR;
				GCC_WARN_UNDECLARED_SELECTOR = YES;
				GCC_WARN_UNINITIALIZED_AUTOS = YES_AGGRESSIVE;
				GCC_WARN_UNUSED_FUNCTION = YES;
				GCC_WARN_UNUSED_VARIABLE = YES;
				IPHONEOS_DEPLOYMENT_TARGET = 15.4;
				MTL_ENABLE_DEBUG_INFO = INCLUDE_SOURCE;
				MTL_FAST_MATH = YES;
				ONLY_ACTIVE_ARCH = YES;
				SDKROOT = iphoneos;
				SWIFT_ACTIVE_COMPILATION_CONDITIONS = DEBUG;
				SWIFT_OPTIMIZATION_LEVEL = "-Onone";
			};
			name = Debug;
		};
		8A13813C28831AF90025FCE0 /* Release */ = {
			isa = XCBuildConfiguration;
			buildSettings = {
				ALWAYS_SEARCH_USER_PATHS = NO;
				CLANG_ANALYZER_NONNULL = YES;
				CLANG_ANALYZER_NUMBER_OBJECT_CONVERSION = YES_AGGRESSIVE;
				CLANG_CXX_LANGUAGE_STANDARD = "gnu++17";
				CLANG_ENABLE_MODULES = YES;
				CLANG_ENABLE_OBJC_ARC = YES;
				CLANG_ENABLE_OBJC_WEAK = YES;
				CLANG_WARN_BLOCK_CAPTURE_AUTORELEASING = YES;
				CLANG_WARN_BOOL_CONVERSION = YES;
				CLANG_WARN_COMMA = YES;
				CLANG_WARN_CONSTANT_CONVERSION = YES;
				CLANG_WARN_DEPRECATED_OBJC_IMPLEMENTATIONS = YES;
				CLANG_WARN_DIRECT_OBJC_ISA_USAGE = YES_ERROR;
				CLANG_WARN_DOCUMENTATION_COMMENTS = YES;
				CLANG_WARN_EMPTY_BODY = YES;
				CLANG_WARN_ENUM_CONVERSION = YES;
				CLANG_WARN_INFINITE_RECURSION = YES;
				CLANG_WARN_INT_CONVERSION = YES;
				CLANG_WARN_NON_LITERAL_NULL_CONVERSION = YES;
				CLANG_WARN_OBJC_IMPLICIT_RETAIN_SELF = YES;
				CLANG_WARN_OBJC_LITERAL_CONVERSION = YES;
				CLANG_WARN_OBJC_ROOT_CLASS = YES_ERROR;
				CLANG_WARN_QUOTED_INCLUDE_IN_FRAMEWORK_HEADER = YES;
				CLANG_WARN_RANGE_LOOP_ANALYSIS = YES;
				CLANG_WARN_STRICT_PROTOTYPES = YES;
				CLANG_WARN_SUSPICIOUS_MOVE = YES;
				CLANG_WARN_UNGUARDED_AVAILABILITY = YES_AGGRESSIVE;
				CLANG_WARN_UNREACHABLE_CODE = YES;
				CLANG_WARN__DUPLICATE_METHOD_MATCH = YES;
				COPY_PHASE_STRIP = NO;
				DEBUG_INFORMATION_FORMAT = "dwarf-with-dsym";
				ENABLE_NS_ASSERTIONS = NO;
				ENABLE_STRICT_OBJC_MSGSEND = YES;
				GCC_C_LANGUAGE_STANDARD = gnu11;
				GCC_NO_COMMON_BLOCKS = YES;
				GCC_WARN_64_TO_32_BIT_CONVERSION = YES;
				GCC_WARN_ABOUT_RETURN_TYPE = YES_ERROR;
				GCC_WARN_UNDECLARED_SELECTOR = YES;
				GCC_WARN_UNINITIALIZED_AUTOS = YES_AGGRESSIVE;
				GCC_WARN_UNUSED_FUNCTION = YES;
				GCC_WARN_UNUSED_VARIABLE = YES;
				IPHONEOS_DEPLOYMENT_TARGET = 15.4;
				MTL_ENABLE_DEBUG_INFO = NO;
				MTL_FAST_MATH = YES;
				SDKROOT = iphoneos;
				SWIFT_COMPILATION_MODE = wholemodule;
				SWIFT_OPTIMIZATION_LEVEL = "-O";
				VALIDATE_PRODUCT = YES;
			};
			name = Release;
		};
		8A13813E28831AF90025FCE0 /* Debug */ = {
			isa = XCBuildConfiguration;
			buildSettings = {
				ASSETCATALOG_COMPILER_APPICON_NAME = AppIcon;
				ASSETCATALOG_COMPILER_GLOBAL_ACCENT_COLOR_NAME = AccentColor;
				CODE_SIGN_STYLE = Automatic;
				CURRENT_PROJECT_VERSION = 1;
				DEVELOPMENT_ASSET_PATHS = "\"WeatherIOS/Preview Content\"";
				ENABLE_PREVIEWS = YES;
				GENERATE_INFOPLIST_FILE = YES;
				INFOPLIST_FILE = WeatherIOS/Info.plist;
				INFOPLIST_KEY_UIApplicationSceneManifest_Generation = YES;
				INFOPLIST_KEY_UIApplicationSupportsIndirectInputEvents = YES;
				INFOPLIST_KEY_UILaunchScreen_Generation = YES;
				INFOPLIST_KEY_UISupportedInterfaceOrientations_iPad = "UIInterfaceOrientationPortrait UIInterfaceOrientationPortraitUpsideDown UIInterfaceOrientationLandscapeLeft UIInterfaceOrientationLandscapeRight";
				INFOPLIST_KEY_UISupportedInterfaceOrientations_iPhone = "UIInterfaceOrientationPortrait UIInterfaceOrientationLandscapeLeft UIInterfaceOrientationLandscapeRight";
				IPHONEOS_DEPLOYMENT_TARGET = 15.0;
				LD_RUNPATH_SEARCH_PATHS = (
					"$(inherited)",
					"@executable_path/Frameworks",
				);
				MARKETING_VERSION = 1.0;
				PRODUCT_BUNDLE_IDENTIFIER = tech.jumpsource.WeatherIOS;
				PRODUCT_NAME = "$(TARGET_NAME)";
				SWIFT_EMIT_LOC_STRINGS = YES;
				SWIFT_VERSION = 5.0;
				TARGETED_DEVICE_FAMILY = 1;
			};
			name = Debug;
		};
		8A13813F28831AF90025FCE0 /* Release */ = {
			isa = XCBuildConfiguration;
			buildSettings = {
				ASSETCATALOG_COMPILER_APPICON_NAME = AppIcon;
				ASSETCATALOG_COMPILER_GLOBAL_ACCENT_COLOR_NAME = AccentColor;
				CODE_SIGN_STYLE = Automatic;
				CURRENT_PROJECT_VERSION = 1;
				DEVELOPMENT_ASSET_PATHS = "\"WeatherIOS/Preview Content\"";
				ENABLE_PREVIEWS = YES;
				GENERATE_INFOPLIST_FILE = YES;
				INFOPLIST_FILE = WeatherIOS/Info.plist;
				INFOPLIST_KEY_UIApplicationSceneManifest_Generation = YES;
				INFOPLIST_KEY_UIApplicationSupportsIndirectInputEvents = YES;
				INFOPLIST_KEY_UILaunchScreen_Generation = YES;
				INFOPLIST_KEY_UISupportedInterfaceOrientations_iPad = "UIInterfaceOrientationPortrait UIInterfaceOrientationPortraitUpsideDown UIInterfaceOrientationLandscapeLeft UIInterfaceOrientationLandscapeRight";
				INFOPLIST_KEY_UISupportedInterfaceOrientations_iPhone = "UIInterfaceOrientationPortrait UIInterfaceOrientationLandscapeLeft UIInterfaceOrientationLandscapeRight";
				IPHONEOS_DEPLOYMENT_TARGET = 15.0;
				LD_RUNPATH_SEARCH_PATHS = (
					"$(inherited)",
					"@executable_path/Frameworks",
				);
				MARKETING_VERSION = 1.0;
				PRODUCT_BUNDLE_IDENTIFIER = tech.jumpsource.WeatherIOS;
				PRODUCT_NAME = "$(TARGET_NAME)";
				SWIFT_EMIT_LOC_STRINGS = YES;
				SWIFT_VERSION = 5.0;
				TARGETED_DEVICE_FAMILY = 1;
			};
			name = Release;
		};
/* End XCBuildConfiguration section */

/* Begin XCConfigurationList section */
		8A13812A28831AF80025FCE0 /* Build configuration list for PBXProject "WeatherIOS" */ = {
			isa = XCConfigurationList;
			buildConfigurations = (
				8A13813B28831AF90025FCE0 /* Debug */,
				8A13813C28831AF90025FCE0 /* Release */,
			);
			defaultConfigurationIsVisible = 0;
			defaultConfigurationName = Release;
		};
		8A13813D28831AF90025FCE0 /* Build configuration list for PBXNativeTarget "WeatherIOS" */ = {
			isa = XCConfigurationList;
			buildConfigurations = (
				8A13813E28831AF90025FCE0 /* Debug */,
				8A13813F28831AF90025FCE0 /* Release */,
			);
			defaultConfigurationIsVisible = 0;
			defaultConfigurationName = Release;
		};
/* End XCConfigurationList section */
	};
	rootObject = 8A13812728831AF80025FCE0 /* Project object */;
}
